
Microsoft Visual Studio Solution File, Format Version 12.00
# Visual Studio Version 17
VisualStudioVersion = 17.9.34616.47
MinimumVisualStudioVersion = 10.0.40219.1
Project("{FAE04EC0-301F-11D3-BF4B-00C04F79EFBC}") = "NtokotoStudyGroup", "NtokotoStudyGroup\NtokotoStudyGroup.csproj", "{299A90C6-6C84-4B15-86DF-AB48959E43CD}"
EndProject
Global
	GlobalSection(SolutionConfigurationPlatforms) = preSolution
		Debug|Any CPU = Debug|Any CPU
		Release|Any CPU = Release|Any CPU
	EndGlobalSection
	GlobalSection(ProjectConfigurationPlatforms) = postSolution
		{299A90C6-6C84-4B15-86DF-AB48959E43CD}.Debug|Any CPU.ActiveCfg = Debug|Any CPU
		{299A90C6-6C84-4B15-86DF-AB48959E43CD}.Debug|Any CPU.Build.0 = Debug|Any CPU
		{299A90C6-6C84-4B15-86DF-AB48959E43CD}.Release|Any CPU.ActiveCfg = Release|Any CPU
		{299A90C6-6C84-4B15-86DF-AB48959E43CD}.Release|Any CPU.Build.0 = Release|Any CPU
	EndGlobalSection
	GlobalSection(SolutionProperties) = preSolution
		HideSolutionNode = FALSE
	EndGlobalSection
	GlobalSection(ExtensibilityGlobals) = postSolution
		SolutionGuid = {4818B8E0-4D2B-4950-9BB3-403B216F5916}
	EndGlobalSection
EndGlobal
